PODS:
  - iCarousel (1.8.3)
  - Reachability (3.2)

DEPENDENCIES:
  - iCarousel (~> 1.8.3)
  - Reachability (= 3.2)

SPEC REPOS:
  trunk:
    - iCarousel
    - Reachability

SPEC CHECKSUMS:
  iCarousel: d782f635afac190c49bb8ee455882284cff8b85f
  Reachability: 33e18b67625424e47b6cde6d202dce689ad7af96

PODFILE CHECKSUM: 8090b8fc6fd0db4b19efc212ff7f0a72db04365e

COCOAPODS: 1.11.3
